{
  "name": "new-package",
  "version": "1.0.0",
  "lockfileVersion": 3,
  "requires": true,
  "packages": {
    "": {
      "name": "new-package",
      "version": "1.0.0",
      "license": "ISC",
      "dependencies": {
        "moment-bilgen-yazilim-akademi": "^1.0.0"
      }
    },
    "node_modules/moment": {
      "version": "2.30.1",
      "resolved": "https://registry.npmjs.org/moment/-/moment-2.30.1.tgz",
      "integrity": "sha512-uEmtNhbDOrWPFS+hdjFCBfy9f2YoyzRpwcl+DqpC6taX21FzsTLQVbMV/W7PzNSX6x/bhC1zA3c2UQ5NzH6how==",
      "license": "MIT",
      "engines": {
        "node": "*"
      }
    },
    "node_modules/moment-bilgen-yazilim-akademi": {
      "version": "1.0.0",
      "resolved": "https://registry.npmjs.org/moment-bilgen-yazilim-akademi/-/moment-bilgen-yazilim-akademi-1.0.0.tgz",
      "integrity": "sha512-cnwIJJzi0ppPLmk9fO0RYnfq4GPIzC4MNc4ThACoKrQKFdugff4c/jXWEazVndp665KLM0m3XDXeo1FD5q1NpQ==",
      "license": "ISC",
      "dependencies": {
        "moment": "^2.30.1"
      }
    }
  }
}
